
Microsoft Visual Studio Solution File, Format Version 12.00
# Visual Studio Version 17
VisualStudioVersion = 17.7.34031.279
MinimumVisualStudioVersion = 10.0.40219.1
Project("{FAE04EC0-301F-11D3-BF4B-00C04F79EFBC}") = "QLSV_DATABASE", "QLSV_DATABASE\QLSV_DATABASE.csproj", "{741B4749-533E-43E9-AABE-6BC2AD4DADC0}"
EndProject
Global
	GlobalSection(SolutionConfigurationPlatforms) = preSolution
		Debug|Any CPU = Debug|Any CPU
		Release|Any CPU = Release|Any CPU
	EndGlobalSection
	GlobalSection(ProjectConfigurationPlatforms) = postSolution
		{741B4749-533E-43E9-AABE-6BC2AD4DADC0}.Debug|Any CPU.ActiveCfg = Debug|Any CPU
		{741B4749-533E-43E9-AABE-6BC2AD4DADC0}.Debug|Any CPU.Build.0 = Debug|Any CPU
		{741B4749-533E-43E9-AABE-6BC2AD4DADC0}.Release|Any CPU.ActiveCfg = Release|Any CPU
		{741B4749-533E-43E9-AABE-6BC2AD4DADC0}.Release|Any CPU.Build.0 = Release|Any CPU
	EndGlobalSection
	GlobalSection(SolutionProperties) = preSolution
		HideSolutionNode = FALSE
	EndGlobalSection
	GlobalSection(ExtensibilityGlobals) = postSolution
		SolutionGuid = {D3A6F3D9-F9FD-4FEC-ACF9-5B9DDFC7C165}
	EndGlobalSection
EndGlobal
